// !$*UTF8*$!
{
	archiveVersion = 1;
	classes = {
	};
	objectVersion = 56;
	objects = {

/* Begin PBXBuildFile section */
		34BFFEE92BA13B6000369CC1 /* AppDelegate.swift in Sources */ = {isa = PBXBuildFile; fileRef = 34BFFEE82BA13B6000369CC1 /* AppDelegate.swift */; };
		34BFFEED2BA13B6000369CC1 /* ViewController.swift in Sources */ = {isa = PBXBuildFile; fileRef = 34BFFEEC2BA13B6000369CC1 /* ViewController.swift */; };
		34BFFEF02BA13B6000369CC1 /* Main.storyboard in Resources */ = {isa = PBXBuildFile; fileRef = 34BFFEEE2BA13B6000369CC1 /* Main.storyboard */; };
		34BFFEF22BA13B6100369CC1 /* Assets.xcassets in Resources */ = {isa = PBXBuildFile; fileRef = 34BFFEF12BA13B6100369CC1 /* Assets.xcassets */; };
		34BFFEF52BA13B6100369CC1 /* LaunchScreen.storyboard in Resources */ = {isa = PBXBuildFile; fileRef = 34BFFEF32BA13B6100369CC1 /* LaunchScreen.storyboard */; };
		46803C3A2F361DE9406A9243 /* Pods_WisdomNetworkDemo.framework in Frameworks */ = {isa = PBXBuildFile; fileRef = 9A39B2464D895094A27612E8 /* Pods_WisdomNetworkDemo.framework */; };
/* End PBXBuildFile section */

/* Begin PBXFileReference section */
		2F4C5D64F0BE327B539E8934 /* Pods-WisdomNetworkDemo.debug.xcconfig */ = {isa = PBXFileReference; includeInIndex = 1; lastKnownFileType = text.xcconfig; name = "Pods-WisdomNetworkDemo.debug.xcconfig"; path = "Target Support Files/Pods-WisdomNetworkDemo/Pods-WisdomNetworkDemo.debug.xcconfig"; sourceTree = "<group>"; };
		30A067486A19B0ECB709361C /* Pods-WisdomNetworkDemo.release.xcconfig */ = {isa = PBXFileReference; includeInIndex = 1; lastKnownFileType = text.xcconfig; name = "Pods-WisdomNetworkDemo.release.xcconfig"; path = "Target Support Files/Pods-WisdomNetworkDemo/Pods-WisdomNetworkDemo.release.xcconfig"; sourceTree = "<group>"; };
		34BFFEE52BA13B6000369CC1 /* WisdomNetworkDemo.app */ = {isa = PBXFileReference; explicitFileType = wrapper.application; includeInIndex = 0; path = WisdomNetworkDemo.app; sourceTree = BUILT_PRODUCTS_DIR; };
		34BFFEE82BA13B6000369CC1 /* AppDelegate.swift */ = {isa = PBXFileReference; lastKnownFileType = sourcecode.swift; path = AppDelegate.swift; sourceTree = "<group>"; };
		34BFFEEC2BA13B6000369CC1 /* ViewController.swift */ = {isa = PBXFileReference; lastKnownFileType = sourcecode.swift; path = ViewController.swift; sourceTree = "<group>"; };
		34BFFEEF2BA13B6000369CC1 /* Base */ = {isa = PBXFileReference; lastKnownFileType = file.storyboard; name = Base; path = Base.lproj/Main.storyboard; sourceTree = "<group>"; };
		34BFFEF12BA13B6100369CC1 /* Assets.xcassets */ = {isa = PBXFileReference; lastKnownFileType = folder.assetcatalog; path = Assets.xcassets; sourceTree = "<group>"; };
		34BFFEF42BA13B6100369CC1 /* Base */ = {isa = PBXFileReference; lastKnownFileType = file.storyboard; name = Base; path = Base.lproj/LaunchScreen.storyboard; sourceTree = "<group>"; };
		34BFFEF62BA13B6100369CC1 /* Info.plist */ = {isa = PBXFileReference; lastKnownFileType = text.plist.xml; path = Info.plist; sourceTree = "<group>"; };
		9A39B2464D895094A27612E8 /* Pods_WisdomNetworkDemo.framework */ = {isa = PBXFileReference; explicitFileType = wrapper.framework; includeInIndex = 0; path = Pods_WisdomNetworkDemo.framework; sourceTree = BUILT_PRODUCTS_DIR; };
/* End PBXFileReference section */

/* Begin PBXFrameworksBuildPhase section */
		34BFFEE22BA13B6000369CC1 /* Frameworks */ = {
			isa = PBXFrameworksBuildPhase;
			buildActionMask = 2147483647;
			files = (
				46803C3A2F361DE9406A9243 /* Pods_WisdomNetworkDemo.framework in Frameworks */,
			);
			runOnlyForDeploymentPostprocessing = 0;
		};
/* End PBXFrameworksBuildPhase section */

/* Begin PBXGroup section */
		34BFFEDC2BA13B6000369CC1 = {
			isa = PBXGroup;
			children = (
				34BFFEE72BA13B6000369CC1 /* WisdomNetworkDemo */,
				34BFFEE62BA13B6000369CC1 /* Products */,
				A142BECF3DE635A92E14AA37 /* Pods */,
				92C455EA93C1CB7C207146B2 /* Frameworks */,
			);
			sourceTree = "<group>";
		};
		34BFFEE62BA13B6000369CC1 /* Products */ = {
			isa = PBXGroup;
			children = (
				34BFFEE52BA13B6000369CC1 /* WisdomNetworkDemo.app */,
			);
			name = Products;
			sourceTree = "<group>";
		};
		34BFFEE72BA13B6000369CC1 /* WisdomNetworkDemo */ = {
			isa = PBXGroup;
			children = (
				34BFFEE82BA13B6000369CC1 /* AppDelegate.swift */,
				34BFFEEC2BA13B6000369CC1 /* ViewController.swift */,
				34BFFEEE2BA13B6000369CC1 /* Main.storyboard */,
				34BFFEF12BA13B6100369CC1 /* Assets.xcassets */,
				34BFFEF32BA13B6100369CC1 /* LaunchScreen.storyboard */,
				34BFFEF62BA13B6100369CC1 /* Info.plist */,
			);
			path = WisdomNetworkDemo;
			sourceTree = "<group>";
		};
		92C455EA93C1CB7C207146B2 /* Frameworks */ = {
			isa = PBXGroup;
			children = (
				9A39B2464D895094A27612E8 /* Pods_WisdomNetworkDemo.framework */,
			);
			name = Frameworks;
			sourceTree = "<group>";
		};
		A142BECF3DE635A92E14AA37 /* Pods */ = {
			isa = PBXGroup;
			children = (
				2F4C5D64F0BE327B539E8934 /* Pods-WisdomNetworkDemo.debug.xcconfig */,
				30A067486A19B0ECB709361C /* Pods-WisdomNetworkDemo.release.xcconfig */,
			);
			path = Pods;
			sourceTree = "<group>";
		};
/* End PBXGroup section */

/* Begin PBXNativeTarget section */
		34BFFEE42BA13B6000369CC1 /* WisdomNetworkDemo */ = {
			isa = PBXNativeTarget;
			buildConfigurationList = 34BFFEF92BA13B6100369CC1 /* Build configuration list for PBXNativeTarget "WisdomNetworkDemo" */;
			buildPhases = (
				745B63DEC67C9781F39F07EA /* [CP] Check Pods Manifest.lock */,
				34BFFEE12BA13B6000369CC1 /* Sources */,
				34BFFEE22BA13B6000369CC1 /* Frameworks */,
				34BFFEE32BA13B6000369CC1 /* Resources */,
				FC8860D384360E453FFFFDEA /* [CP] Embed Pods Frameworks */,
			);
			buildRules = (
			);
			dependencies = (
			);
			name = WisdomNetworkDemo;
			productName = WisdomNetworkDemo;
			productReference = 34BFFEE52BA13B6000369CC1 /* WisdomNetworkDemo.app */;
			productType = "com.apple.product-type.application";
		};
/* End PBXNativeTarget section */

/* Begin PBXProject section */
		34BFFEDD2BA13B6000369CC1 /* Project object */ = {
			isa = PBXProject;
			attributes = {
				BuildIndependentTargetsInParallel = 1;
				LastSwiftUpdateCheck = 1430;
				LastUpgradeCheck = 1430;
				TargetAttributes = {
					34BFFEE42BA13B6000369CC1 = {
						CreatedOnToolsVersion = 14.3.1;
					};
				};
			};
			buildConfigurationList = 34BFFEE02BA13B6000369CC1 /* Build configuration list for PBXProject "WisdomNetworkDemo" */;
			compatibilityVersion = "Xcode 14.0";
			developmentRegion = en;
			hasScannedForEncodings = 0;
			knownRegions = (
				en,
				Base,
			);
			mainGroup = 34BFFEDC2BA13B6000369CC1;
			productRefGroup = 34BFFEE62BA13B6000369CC1 /* Products */;
			projectDirPath = "";
			projectRoot = "";
			targets = (
				34BFFEE42BA13B6000369CC1 /* WisdomNetworkDemo */,
			);
		};
/* End PBXProject section */

/* Begin PBXResourcesBuildPhase section */
		34BFFEE32BA13B6000369CC1 /* Resources */ = {
			isa = PBXResourcesBuildPhase;
			buildActionMask = 2147483647;
			files = (
				34BFFEF52BA13B6100369CC1 /* LaunchScreen.storyboard in Resources */,
				34BFFEF22BA13B6100369CC1 /* Assets.xcassets in Resources */,
				34BFFEF02BA13B6000369CC1 /* Main.storyboard in Resources */,
			);
			runOnlyForDeploymentPostprocessing = 0;
		};
/* End PBXResourcesBuildPhase section */

/* Begin PBXShellScriptBuildPhase section */
		745B63DEC67C9781F39F07EA /* [CP] Check Pods Manifest.lock */ = {
			isa = PBXShellScriptBuildPhase;
			buildActionMask = 2147483647;
			files = (
			);
			inputFileListPaths = (
			);
			inputPaths = (
				"${PODS_PODFILE_DIR_PATH}/Podfile.lock",
				"${PODS_ROOT}/Manifest.lock",
			);
			name = "[CP] Check Pods Manifest.lock";
			outputFileListPaths = (
			);
			outputPaths = (
				"$(DERIVED_FILE_DIR)/Pods-WisdomNetworkDemo-checkManifestLockResult.txt",
			);
			runOnlyForDeploymentPostprocessing = 0;
			shellPath = /bin/sh;
			shellScript = "diff \"${PODS_PODFILE_DIR_PATH}/Podfile.lock\" \"${PODS_ROOT}/Manifest.lock\" > /dev/null\nif [ $? != 0 ] ; then\n    # print error to STDERR\n    echo \"error: The sandbox is not in sync with the Podfile.lock. Run 'pod install' or update your CocoaPods installation.\" >&2\n    exit 1\nfi\n# This output is used by Xcode 'outputs' to avoid re-running this script phase.\necho \"SUCCESS\" > \"${SCRIPT_OUTPUT_FILE_0}\"\n";
			showEnvVarsInLog = 0;
		};
		FC8860D384360E453FFFFDEA /* [CP] Embed Pods Frameworks */ = {
			isa = PBXShellScriptBuildPhase;
			buildActionMask = 2147483647;
			files = (
			);
			inputFileListPaths = (
				"${PODS_ROOT}/Target Support Files/Pods-WisdomNetworkDemo/Pods-WisdomNetworkDemo-frameworks-${CONFIGURATION}-input-files.xcfilelist",
			);
			name = "[CP] Embed Pods Frameworks";
			outputFileListPaths = (
				"${PODS_ROOT}/Target Support Files/Pods-WisdomNetworkDemo/Pods-WisdomNetworkDemo-frameworks-${CONFIGURATION}-output-files.xcfilelist",
			);
			runOnlyForDeploymentPostprocessing = 0;
			shellPath = /bin/sh;
			shellScript = "\"${PODS_ROOT}/Target Support Files/Pods-WisdomNetworkDemo/Pods-WisdomNetworkDemo-frameworks.sh\"\n";
			showEnvVarsInLog = 0;
		};
/* End PBXShellScriptBuildPhase section */

/* Begin PBXSourcesBuildPhase section */
		34BFFEE12BA13B6000369CC1 /* Sources */ = {
			isa = PBXSourcesBuildPhase;
			buildActionMask = 2147483647;
			files = (
				34BFFEED2BA13B6000369CC1 /* ViewController.swift in Sources */,
				34BFFEE92BA13B6000369CC1 /* AppDelegate.swift in Sources */,
			);
			runOnlyForDeploymentPostprocessing = 0;
		};
/* End PBXSourcesBuildPhase section */

/* Begin PBXVariantGroup section */
		34BFFEEE2BA13B6000369CC1 /* Main.storyboard */ = {
			isa = PBXVariantGroup;
			children = (
				34BFFEEF2BA13B6000369CC1 /* Base */,
			);
			name = Main.storyboard;
			sourceTree = "<group>";
		};
		34BFFEF32BA13B6100369CC1 /* LaunchScreen.storyboard */ = {
			isa = PBXVariantGroup;
			children = (
				34BFFEF42BA13B6100369CC1 /* Base */,
			);
			name = LaunchScreen.storyboard;
			sourceTree = "<group>";
		};
/* End PBXVariantGroup section */

/* Begin XCBuildConfiguration section */
		34BFFEF72BA13B6100369CC1 /* Debug */ = {
			isa = XCBuildConfiguration;
			buildSettings = {
				ALWAYS_SEARCH_USER_PATHS = NO;
				CLANG_ANALYZER_NONNULL = YES;
				CLANG_ANALYZER_NUMBER_OBJECT_CONVERSION = YES_AGGRESSIVE;
				CLANG_CXX_LANGUAGE_STANDARD = "gnu++20";
				CLANG_ENABLE_MODULES = YES;
				CLANG_ENABLE_OBJC_ARC = YES;
				CLANG_ENABLE_OBJC_WEAK = YES;
				CLANG_WARN_BLOCK_CAPTURE_AUTORELEASING = YES;
				CLANG_WARN_BOOL_CONVERSION = YES;
				CLANG_WARN_COMMA = YES;
				CLANG_WARN_CONSTANT_CONVERSION = YES;
				CLANG_WARN_DEPRECATED_OBJC_IMPLEMENTATIONS = YES;
				CLANG_WARN_DIRECT_OBJC_ISA_USAGE = YES_ERROR;
				CLANG_WARN_DOCUMENTATION_COMMENTS = YES;
				CLANG_WARN_EMPTY_BODY = YES;
				CLANG_WARN_ENUM_CONVERSION = YES;
				CLANG_WARN_INFINITE_RECURSION = YES;
				CLANG_WARN_INT_CONVERSION = YES;
				CLANG_WARN_NON_LITERAL_NULL_CONVERSION = YES;
				CLANG_WARN_OBJC_IMPLICIT_RETAIN_SELF = YES;
				CLANG_WARN_OBJC_LITERAL_CONVERSION = YES;
				CLANG_WARN_OBJC_ROOT_CLASS = YES_ERROR;
				CLANG_WARN_QUOTED_INCLUDE_IN_FRAMEWORK_HEADER = YES;
				CLANG_WARN_RANGE_LOOP_ANALYSIS = YES;
				CLANG_WARN_STRICT_PROTOTYPES = YES;
				CLANG_WARN_SUSPICIOUS_MOVE = YES;
				CLANG_WARN_UNGUARDED_AVAILABILITY = YES_AGGRESSIVE;
				CLANG_WARN_UNREACHABLE_CODE = YES;
				CLANG_WARN__DUPLICATE_METHOD_MATCH = YES;
				COPY_PHASE_STRIP = NO;
				DEBUG_INFORMATION_FORMAT = dwarf;
				ENABLE_STRICT_OBJC_MSGSEND = YES;
				ENABLE_TESTABILITY = YES;
				GCC_C_LANGUAGE_STANDARD = gnu11;
				GCC_DYNAMIC_NO_PIC = NO;
				GCC_NO_COMMON_BLOCKS = YES;
				GCC_OPTIMIZATION_LEVEL = 0;
				GCC_PREPROCESSOR_DEFINITIONS = (
					"DEBUG=1",
					"$(inherited)",
				);
				GCC_WARN_64_TO_32_BIT_CONVERSION = YES;
				GCC_WARN_ABOUT_RETURN_TYPE = YES_ERROR;
				GCC_WARN_UNDECLARED_SELECTOR = YES;
				GCC_WARN_UNINITIALIZED_AUTOS = YES_AGGRESSIVE;
				GCC_WARN_UNUSED_FUNCTION = YES;
				GCC_WARN_UNUSED_VARIABLE = YES;
				IPHONEOS_DEPLOYMENT_TARGET = 13.0;
				MTL_ENABLE_DEBUG_INFO = INCLUDE_SOURCE;
				MTL_FAST_MATH = YES;
				ONLY_ACTIVE_ARCH = YES;
				SDKROOT = iphoneos;
				SWIFT_ACTIVE_COMPILATION_CONDITIONS = DEBUG;
				SWIFT_OPTIMIZATION_LEVEL = "-Onone";
			};
			name = Debug;
		};
		34BFFEF82BA13B6100369CC1 /* Release */ = {
			isa = XCBuildConfiguration;
			buildSettings = {
				ALWAYS_SEARCH_USER_PATHS = NO;
				CLANG_ANALYZER_NONNULL = YES;
				CLANG_ANALYZER_NUMBER_OBJECT_CONVERSION = YES_AGGRESSIVE;
				CLANG_CXX_LANGUAGE_STANDARD = "gnu++20";
				CLANG_ENABLE_MODULES = YES;
				CLANG_ENABLE_OBJC_ARC = YES;
				CLANG_ENABLE_OBJC_WEAK = YES;
				CLANG_WARN_BLOCK_CAPTURE_AUTORELEASING = YES;
				CLANG_WARN_BOOL_CONVERSION = YES;
				CLANG_WARN_COMMA = YES;
				CLANG_WARN_CONSTANT_CONVERSION = YES;
				CLANG_WARN_DEPRECATED_OBJC_IMPLEMENTATIONS = YES;
				CLANG_WARN_DIRECT_OBJC_ISA_USAGE = YES_ERROR;
				CLANG_WARN_DOCUMENTATION_COMMENTS = YES;
				CLANG_WARN_EMPTY_BODY = YES;
				CLANG_WARN_ENUM_CONVERSION = YES;
				CLANG_WARN_INFINITE_RECURSION = YES;
				CLANG_WARN_INT_CONVERSION = YES;
				CLANG_WARN_NON_LITERAL_NULL_CONVERSION = YES;
				CLANG_WARN_OBJC_IMPLICIT_RETAIN_SELF = YES;
				CLANG_WARN_OBJC_LITERAL_CONVERSION = YES;
				CLANG_WARN_OBJC_ROOT_CLASS = YES_ERROR;
				CLANG_WARN_QUOTED_INCLUDE_IN_FRAMEWORK_HEADER = YES;
				CLANG_WARN_RANGE_LOOP_ANALYSIS = YES;
				CLANG_WARN_STRICT_PROTOTYPES = YES;
				CLANG_WARN_SUSPICIOUS_MOVE = YES;
				CLANG_WARN_UNGUARDED_AVAILABILITY = YES_AGGRESSIVE;
				CLANG_WARN_UNREACHABLE_CODE = YES;
				CLANG_WARN__DUPLICATE_METHOD_MATCH = YES;
				COPY_PHASE_STRIP = NO;
				DEBUG_INFORMATION_FORMAT = "dwarf-with-dsym";
				ENABLE_NS_ASSERTIONS = NO;
				ENABLE_STRICT_OBJC_MSGSEND = YES;
				GCC_C_LANGUAGE_STANDARD = gnu11;
				GCC_NO_COMMON_BLOCKS = YES;
				GCC_WARN_64_TO_32_BIT_CONVERSION = YES;
				GCC_WARN_ABOUT_RETURN_TYPE = YES_ERROR;
				GCC_WARN_UNDECLARED_SELECTOR = YES;
				GCC_WARN_UNINITIALIZED_AUTOS = YES_AGGRESSIVE;
				GCC_WARN_UNUSED_FUNCTION = YES;
				GCC_WARN_UNUSED_VARIABLE = YES;
				IPHONEOS_DEPLOYMENT_TARGET = 13.0;
				MTL_ENABLE_DEBUG_INFO = NO;
				MTL_FAST_MATH = YES;
				SDKROOT = iphoneos;
				SWIFT_COMPILATION_MODE = wholemodule;
				SWIFT_OPTIMIZATION_LEVEL = "-O";
				VALIDATE_PRODUCT = YES;
			};
			name = Release;
		};
		34BFFEFA2BA13B6100369CC1 /* Debug */ = {
			isa = XCBuildConfiguration;
			baseConfigurationReference = 2F4C5D64F0BE327B539E8934 /* Pods-WisdomNetworkDemo.debug.xcconfig */;
			buildSettings = {
				ASSETCATALOG_COMPILER_APPICON_NAME = AppIcon;
				ASSETCATALOG_COMPILER_GLOBAL_ACCENT_COLOR_NAME = AccentColor;
				CODE_SIGN_STYLE = Automatic;
				CURRENT_PROJECT_VERSION = 1;
				DEVELOPMENT_TEAM = HFM99A4RBU;
				GENERATE_INFOPLIST_FILE = YES;
				INFOPLIST_FILE = WisdomNetworkDemo/Info.plist;
				INFOPLIST_KEY_UIApplicationSupportsIndirectInputEvents = YES;
				INFOPLIST_KEY_UILaunchStoryboardName = LaunchScreen;
				INFOPLIST_KEY_UIMainStoryboardFile = Main;
				INFOPLIST_KEY_UISupportedInterfaceOrientations_iPad = "UIInterfaceOrientationPortrait UIInterfaceOrientationPortraitUpsideDown UIInterfaceOrientationLandscapeLeft UIInterfaceOrientationLandscapeRight";
				INFOPLIST_KEY_UISupportedInterfaceOrientations_iPhone = "UIInterfaceOrientationPortrait UIInterfaceOrientationLandscapeLeft UIInterfaceOrientationLandscapeRight";
				IPHONEOS_DEPLOYMENT_TARGET = 13.0;
				LD_RUNPATH_SEARCH_PATHS = (
					"$(inherited)",
					"@executable_path/Frameworks",
				);
				MARKETING_VERSION = 1.0;
				PRODUCT_BUNDLE_IDENTIFIER = tangjianfeng.WisdomNetworkDemo;
				PRODUCT_NAME = "$(TARGET_NAME)";
				SWIFT_EMIT_LOC_STRINGS = YES;
				SWIFT_VERSION = 5.0;
				TARGETED_DEVICE_FAMILY = "1,2";
			};
			name = Debug;
		};
		34BFFEFB2BA13B6100369CC1 /* Release */ = {
			isa = XCBuildConfiguration;
			baseConfigurationReference = 30A067486A19B0ECB709361C /* Pods-WisdomNetworkDemo.release.xcconfig */;
			buildSettings = {
				ASSETCATALOG_COMPILER_APPICON_NAME = AppIcon;
				ASSETCATALOG_COMPILER_GLOBAL_ACCENT_COLOR_NAME = AccentColor;
				CODE_SIGN_STYLE = Automatic;
				CURRENT_PROJECT_VERSION = 1;
				DEVELOPMENT_TEAM = HFM99A4RBU;
				GENERATE_INFOPLIST_FILE = YES;
				INFOPLIST_FILE = WisdomNetworkDemo/Info.plist;
				INFOPLIST_KEY_UIApplicationSupportsIndirectInputEvents = YES;
				INFOPLIST_KEY_UILaunchStoryboardName = LaunchScreen;
				INFOPLIST_KEY_UIMainStoryboardFile = Main;
				INFOPLIST_KEY_UISupportedInterfaceOrientations_iPad = "UIInterfaceOrientationPortrait UIInterfaceOrientationPortraitUpsideDown UIInterfaceOrientationLandscapeLeft UIInterfaceOrientationLandscapeRight";
				INFOPLIST_KEY_UISupportedInterfaceOrientations_iPhone = "UIInterfaceOrientationPortrait UIInterfaceOrientationLandscapeLeft UIInterfaceOrientationLandscapeRight";
				IPHONEOS_DEPLOYMENT_TARGET = 13.0;
				LD_RUNPATH_SEARCH_PATHS = (
					"$(inherited)",
					"@executable_path/Frameworks",
				);
				MARKETING_VERSION = 1.0;
				PRODUCT_BUNDLE_IDENTIFIER = tangjianfeng.WisdomNetworkDemo;
				PRODUCT_NAME = "$(TARGET_NAME)";
				SWIFT_EMIT_LOC_STRINGS = YES;
				SWIFT_VERSION = 5.0;
				TARGETED_DEVICE_FAMILY = "1,2";
			};
			name = Release;
		};
/* End XCBuildConfiguration section */

/* Begin XCConfigurationList section */
		34BFFEE02BA13B6000369CC1 /* Build configuration list for PBXProject "WisdomNetworkDemo" */ = {
			isa = XCConfigurationList;
			buildConfigurations = (
				34BFFEF72BA13B6100369CC1 /* Debug */,
				34BFFEF82BA13B6100369CC1 /* Release */,
			);
			defaultConfigurationIsVisible = 0;
			defaultConfigurationName = Release;
		};
		34BFFEF92BA13B6100369CC1 /* Build configuration list for PBXNativeTarget "WisdomNetworkDemo" */ = {
			isa = XCConfigurationList;
			buildConfigurations = (
				34BFFEFA2BA13B6100369CC1 /* Debug */,
				34BFFEFB2BA13B6100369CC1 /* Release */,
			);
			defaultConfigurationIsVisible = 0;
			defaultConfigurationName = Release;
		};
/* End XCConfigurationList section */
	};
	rootObject = 34BFFEDD2BA13B6000369CC1 /* Project object */;
}
